version = 1
revision = 3
requires-python = ">=3.11"

[[package]]
name = "asyncio"
version = "4.0.0"
source = { registry = "https://pypi.org/simple" }
sdist = { url = "https://files.pythonhosted.org/packages/71/ea/26c489a11f7ca862d5705db67683a7361ce11c23a7b98fc6c2deaeccede2/asyncio-4.0.0.tar.gz", hash = "sha256:570cd9e50db83bc1629152d4d0b7558d6451bb1bfd5dfc2e935d96fc2f40329b", size = 5371, upload-time = "2025-08-05T02:51:46.605Z" }
wheels = [
    { url = "https://files.pythonhosted.org/packages/57/64/eff2564783bd650ca25e15938d1c5b459cda997574a510f7de69688cb0b4/asyncio-4.0.0-py3-none-any.whl", hash = "sha256:c1eddb0659231837046809e68103969b2bef8b0400d59cfa6363f6b5ed8cc88b", size = 5555, upload-time = "2025-08-05T02:51:45.767Z" },
]

[[package]]
name = "bc-stark-sdk"
version = "1.0.0"
source = { registry = "https://pypi.org/simple" }
wheels = [
    { url = "https://files.pythonhosted.org/packages/46/5b/420d3cc3951161ca87d4a85b491628545313200e440e2ac569e46015de70/bc_stark_sdk-1.0.0-cp38-abi3-manylinux_2_31_aarch64.whl", hash = "sha256:276776abaa092b46ff0b223136b30920ee77ba311ea5860a18e5c29a16442f32", size = 1828418, upload-time = "2025-12-05T10:20:44.112Z" },
    { url = "https://files.pythonhosted.org/packages/06/15/bfa8b461a6898249288d65d224383cdcfc31bc305e2a5a34508f97a09c5c/bc_stark_sdk-1.0.0-cp38-abi3-manylinux_2_31_x86_64.whl", hash = "sha256:c195ff2fca2b86a28a32bdce76fb8d0ce992f342edf19977246e43ad7710808a", size = 1892914, upload-time = "2025-12-05T10:19:12.695Z" },
    { url = "https://files.pythonhosted.org/packages/8d/18/a9d030080bd0d2770ed57254103bb376d9c7a00781e2f5097ebffdafbb18/bc_stark_sdk-1.0.0-cp38-abi3-win_amd64.whl", hash = "sha256:552939f01fdca4595cb7e3af63fd812bd9b56ad979bf4cce05dfd0f194584bf3", size = 2197319, upload-time = "2025-12-05T10:22:51.87Z" },
]

[[package]]
name = "colorama"
version = "0.4.6"
source = { registry = "https://pypi.org/simple" }
sdist = { url = "https://files.pythonhosted.org/packages/d8/53/6f443c9a4a8358a93a6792e2acffb9d9d5cb0a5cfd8802644b7b1c9a02e4/colorama-0.4.6.tar.gz", hash = "sha256:08695f5cb7ed6e0531a20572697297273c47b8cae5a63ffc6d6ed5c201be6e44", size = 27697, upload-time = "2022-10-25T02:36:22.414Z" }
wheels = [
    { url = "https://files.pythonhosted.org/packages/d1/d6/3965ed04c63042e047cb6a3e6ed1a63a35087b6a609aa3a15ed8ac56c221/colorama-0.4.6-py2.py3-none-any.whl", hash = "sha256:4f1d9991f5acc0ca119f9d443620b77f9d6b33703e51011c16baf57afb285fc6", size = 25335, upload-time = "2022-10-25T02:36:20.889Z" },
]

[[package]]
name = "colorlog"
version = "6.10.1"
source = { registry = "https://pypi.org/simple" }
dependencies = [
    { name = "colorama", marker = "sys_platform == 'win32'" },
]
sdist = { url = "https://files.pythonhosted.org/packages/a2/61/f083b5ac52e505dfc1c624eafbf8c7589a0d7f32daa398d2e7590efa5fda/colorlog-6.10.1.tar.gz", hash = "sha256:eb4ae5cb65fe7fec7773c2306061a8e63e02efc2c72eba9d27b0fa23c94f1321", size = 17162, upload-time = "2025-10-16T16:14:11.978Z" }
wheels = [
    { url = "https://files.pythonhosted.org/packages/6d/c1/e419ef3723a074172b68aaa89c9f3de486ed4c2399e2dbd8113a4fdcaf9e/colorlog-6.10.1-py3-none-any.whl", hash = "sha256:2d7e8348291948af66122cff006c9f8da6255d224e7cf8e37d8de2df3bad8c9c", size = 11743, upload-time = "2025-10-16T16:14:10.512Z" },
]

[[package]]
name = "stark-serialport"
version = "0.1.0"
source = { editable = "." }
dependencies = [
    { name = "asyncio" },
    { name = "bc-stark-sdk" },
    { name = "colorlog" },
]

[package.metadata]
requires-dist = [
    { name = "asyncio", specifier = ">=3.4.3" },
    { name = "bc-stark-sdk", specifier = "==1.0.0" },
    { name = "colorlog", specifier = ">=6.9.0" },
]
